Microsoft Visual Studio Solution File, Format Version 12.00
# 17
VisualStudioVersion = 17.11.35312.102
MinimumVisualStudioVersion = 10.0.40219.1
Project("{FAE04EC0-301F-11D3-BF4B-00C04F79EFBC}") = "KiotaDateCase", "KiotaDateCase\KiotaDateCase.csproj", "{5BBA40F9-22C7-4301-A0A8-65E9254695B6}"
EndProject
Global
	GlobalSection(SolutionConfigurationPlatforms) = preSolution
		Debug|Any CPU = Debug|Any CPU
		Release|Any CPU = Release|Any CPU
	EndGlobalSection
	GlobalSection(ProjectConfigurationPlatforms) = postSolution
		{5BBA40F9-22C7-4301-A0A8-65E9254695B6}.Debug|Any CPU.ActiveCfg = Debug|Any CPU
		{5BBA40F9-22C7-4301-A0A8-65E9254695B6}.Debug|Any CPU.Build.0 = Debug|Any CPU
		{5BBA40F9-22C7-4301-A0A8-65E9254695B6}.Release|Any CPU.ActiveCfg = Release|Any CPU
		{5BBA40F9-22C7-4301-A0A8-65E9254695B6}.Release|Any CPU.Build.0 = Release|Any CPU
	EndGlobalSection
	GlobalSection(SolutionProperties) = preSolution
		HideSolutionNode = FALSE
	EndGlobalSection
	GlobalSection(ExtensibilityGlobals) = postSolution
		SolutionGuid = {FCFB6E18-0CD0-4146-BC2D-CEABBFE436F1}
	EndGlobalSection
EndGlobal
